Microsoft Visual Studio Solution File, Format Version 12.00
# Visual Studio Express 14 for Windows Desktop
VisualStudioVersion = 14.0.25420.1
MinimumVisualStudioVersion = 10.0.40219.1
Project("{2150E333-8FDC-42A3-9474-1A3956D46DE8}") = "lib", "lib", "{C37AE34D-A8C4-4AEC-995C-3C763300934E}"
	ProjectSection(SolutionItems) = preProject
		ManagedWinapi.dll = ManagedWinapi.dll
		ManagedWinapiNativeHelper.dll = ManagedWinapiNativeHelper.dll
	EndProjectSection
EndProject
Project("{FAE04EC0-301F-11D3-BF4B-00C04F79EFBC}") = "NotifyIconWpf", "NotifyIconWpf\NotifyIconWpf.csproj", "{7AC63864-7638-41C4-969C-D3197EF2BED9}"
EndProject
Project("{FAE04EC0-301F-11D3-BF4B-00C04F79EFBC}") = "MouseHelper", "MouseHelper\MouseHelper.csproj", "{964EBFBE-A600-49B2-BDD8-422B46F1D544}"
EndProject
Global
	GlobalSection(SolutionConfigurationPlatforms) = preSolution
		Debug|Any CPU = Debug|Any CPU
		Release|Any CPU = Release|Any CPU
	EndGlobalSection
	GlobalSection(ProjectConfigurationPlatforms) = postSolution
		{7AC63864-7638-41C4-969C-D3197EF2BED9}.Debug|Any CPU.ActiveCfg = Debug|Any CPU
		{7AC63864-7638-41C4-969C-D3197EF2BED9}.Debug|Any CPU.Build.0 = Debug|Any CPU
		{7AC63864-7638-41C4-969C-D3197EF2BED9}.Release|Any CPU.ActiveCfg = Release|Any CPU
		{7AC63864-7638-41C4-969C-D3197EF2BED9}.Release|Any CPU.Build.0 = Release|Any CPU
		{964EBFBE-A600-49B2-BDD8-422B46F1D544}.Debug|Any CPU.ActiveCfg = Debug|Any CPU
		{964EBFBE-A600-49B2-BDD8-422B46F1D544}.Debug|Any CPU.Build.0 = Debug|Any CPU
		{964EBFBE-A600-49B2-BDD8-422B46F1D544}.Release|Any CPU.ActiveCfg = Release|Any CPU
		{964EBFBE-A600-49B2-BDD8-422B46F1D544}.Release|Any CPU.Build.0 = Release|Any CPU
	EndGlobalSection
	GlobalSection(SolutionProperties) = preSolution
		HideSolutionNode = FALSE
	EndGlobalSection
EndGlobal
